# mica-lock v1
release	mica-core	20260929-1300	0123456789abcdef0123456789abcdef01234567
pool	amd64	ghcr.io/micaoss/mica-core:pool.amd64.20260929-1300@sha256:aaaaaaaaaaaaaaaaaaaaaaaaaaaaaaaaaaaaaaaaaaaaaaaaaaaaaaaaaaaaaaaa
pool	arm64	ghcr.io/micaoss/mica-core:pool.arm64.20260929-1300@sha256:bbbbbbbbbbbbbbbbbbbbbbbbbbbbbbbbbbbbbbbbbbbbbbbbbbbbbbbbbbbbbbbb
package	mica-deploy	amd64	0.1.0	1111111111111111111111111111111111111111111111111111111111111111
package	mica-deploy	arm64	0.1.0	2222222222222222222222222222222222222222222222222222222222222222
package	mica-lifecycle	amd64	0.1.0	3333333333333333333333333333333333333333333333333333333333333333
package	mica-lifecycle	arm64	0.1.0	4444444444444444444444444444444444444444444444444444444444444444
item	core.img	mica-apid-ui	amd64	0.1.0	5555555555555555555555555555555555555555555555555555555555555555
item	core.img	mica-apid-ui	arm64	0.1.0	6666666666666666666666666666666666666666666666666666666666666666
item	core.img	micad	amd64	0.1.0	7777777777777777777777777777777777777777777777777777777777777777
item	core.img	micad	arm64	0.1.0	8888888888888888888888888888888888888888888888888888888888888888
item	core.json	mica-apid-ui	amd64	0.1.0	9999999999999999999999999999999999999999999999999999999999999999
item	core.json	mica-apid-ui	arm64	0.1.0	cccccccccccccccccccccccccccccccccccccccccccccccccccccccccccccccc
item	core.json	micad	amd64	0.1.0	dddddddddddddddddddddddddddddddddddddddddddddddddddddddddddddddd
item	core.json	micad	arm64	0.1.0	eeeeeeeeeeeeeeeeeeeeeeeeeeeeeeeeeeeeeeeeeeeeeeeeeeeeeeeeeeeeeeee
