# mica-lock v1
release	mica-podman	20260929-1900	0123456789abcdef0123456789abcdef01234567
pool	amd64	ghcr.io/micaoss/mica-podman:pool.amd64.20260929-1900@sha256:aaaaaaaaaaaaaaaaaaaaaaaaaaaaaaaaaaaaaaaaaaaaaaaaaaaaaaaaaaaaaaaa
pool	arm64	ghcr.io/micaoss/mica-podman:pool.arm64.20260929-1900@sha256:bbbbbbbbbbbbbbbbbbbbbbbbbbbbbbbbbbbbbbbbbbbbbbbbbbbbbbbbbbbbbbbb
package	mica-podman	amd64	6.1.2-1	1111111111111111111111111111111111111111111111111111111111111111
package	mica-podman	arm64	6.1.2-1	2222222222222222222222222222222222222222222222222222222222222222
item	sbom	mica-podman	amd64	6.1.2-1	3333333333333333333333333333333333333333333333333333333333333333
item	sbom	mica-podman	arm64	6.1.2-1	4444444444444444444444444444444444444444444444444444444444444444
item	tar.zst	mica-podman	amd64	6.1.2-1	5555555555555555555555555555555555555555555555555555555555555555
item	tar.zst	netavark	amd64	1.17.0	6666666666666666666666666666666666666666666666666666666666666666
